<?xml version="1.0" encoding="utf-8"?>
<Project ToolsVersion="4.0" xmlns="http://schemas.microsoft.com/developer/msbuild/2003">
  <ItemGroup>
    <Filter Include="Source Files">
      <UniqueIdentifier>{4FC737F1-C7A5-4376-A066-2A32D752A2FF}</UniqueIdentifier>
      <Extensions>cpp;c;cc;cxx;c++;cppm;ixx;def;odl;idl;hpj;bat;asm;asmx</Extensions>
    </Filter>
    <Filter Include="Header Files">
      <UniqueIdentifier>{93995380-89BD-4b04-88EB-625FBE52EBFB}</UniqueIdentifier>
      <Extensions>h;hh;hpp;hxx;h++;hm;inl;inc;ipp;xsd</Extensions>
    </Filter>
    <Filter Include="Resource Files">
      <UniqueIdentifier>{67DA6AB6-F800-4c08-8B7A-83BB121AAD01}</UniqueIdentifier>
      <Extensions>rc;ico;cur;bmp;dlg;rc2;rct;bin;rgs;gif;jpg;jpeg;jpe;resx;tiff;tif;png;wav;mfcribbon-ms</Extensions>
    </Filter>
  </ItemGroup>
  <ItemGroup>
    <None Include=".gitattributes" />
    <None Include=".gitignore" />
    <None Include="ASSETS\SHADER\shader.vert" />
    <None Include="ASSETS\SHADER\shader.frag" />
    <None Include="ASSETS\SCRIPTS\main.lua" />
    <None Include="ASSETS\SCRIPTS\ASTERIODS\entityDefs.lua" />
    <None Include="ASSETS\SCRIPTS\ASTERIODS\assetDefs.lua" />
    <None Include="ASSETS\SCRIPTS\ASTERIODS\utilities.lua" />
    <None Include="ASSETS\SCRIPTS\ASTERIODS\ship.lua" />
    <None Include="ASSETS\SCRIPTS\ASTERIODS\asteroid.lua" />
    <None Include="ASSETS\SCRIPTS\ASTERIODS\collision_system.lua" />
    <None Include="ASSETS\SCRIPTS\ASTERIODS\projectile.lua" />
    <None Include="ASSETS\SCRIPTS\ASTERIODS\game_data.lua" />
    <None Include="ASSETS\SCRIPTS\ASTERIODS\hud.lua" />
    <None Include="ASSETS\SCRIPTS\TESTPROJECT1\samplemap.lua" />
    <None Include="ASSETS\SCRIPTS\utilities.lua" />
    <None Include="ASSETS\SCRIPTS\TESTPROJECT1\assetdefs.lua" />
    <None Include="ASSETS\SHADER\colorShader.frag" />
    <None Include="ASSETS\SHADER\colorShader.vert" />
    <None Include="ASSETS\SHADER\circleShader.vert" />
    <None Include="ASSETS\SHADER\circleShader.frag" />
    <None Include="ASSETS\SHADER\fontShader.frag" />
    <None Include="ASSETS\SHADER\fontShader.vert" />
    <None Include="ASSETS\SCRIPTS\rain_generator.lua" />
    <None Include="ASSETS\TILEDMAP\FireBoyWaterGirl\fireboywatergirltiledmap.lua" />
  </ItemGroup>
  <ItemGroup>
    <Image Include="ASSETS\TEXTURES\asteroid_1.png">
      <Filter>Resource Files</Filter>
    </Image>
    <Image Include="ASSETS\TEXTURES\asteroid_2.png">
      <Filter>Resource Files</Filter>
    </Image>
    <Image Include="ASSETS\TEXTURES\ship.png">
      <Filter>Resource Files</Filter>
    </Image>
    <Image Include="ASSETS\TEXTURES\purple.png">
      <Filter>Resource Files</Filter>
    </Image>
    <Image Include="ASSETS\TEXTURES\laserBlue04.png">
      <Filter>Resource Files</Filter>
    </Image>
    <Image Include="ASSETS\TEXTURES\numeral-sheet.png">
      <Filter>Resource Files</Filter>
    </Image>
    <Image Include="ASSETS\TEXTURES\playerLife1_blue.png">
      <Filter>Resource Files</Filter>
    </Image>
    <Image Include="ASSETS\TEXTURES\SpriteLetters.png">
      <Filter>Resource Files</Filter>
    </Image>
    <Image Include="ASSETS\TEXTURES\game_over.png">
      <Filter>Resource Files</Filter>
    </Image>
    <Image Include="ASSETS\TEXTURES\score.png">
      <Filter>Resource Files</Filter>
    </Image>
    <Image Include="ASSETS\TEXTURES\explosions_sheet.png">
      <Filter>Resource Files</Filter>
    </Image>
    <Image Include="ASSETS\TEXTURES\socer_ball.png">
      <Filter>Resource Files</Filter>
    </Image>
    <Image Include="ASSETS\TEXTURES\player_walking.png">
      <Filter>Resource Files</Filter>
    </Image>
    <Image Include="ASSETS\TILEDMAP\FireBoyWaterGirl\collisions.png">
      <Filter>Resource Files</Filter>
    </Image>
    <Image Include="ASSETS\TILEDMAP\FireBoyWaterGirl\FBWGTileset.png">
      <Filter>Resource Files</Filter>
    </Image>
  </ItemGroup>
  <ItemGroup>
    <ClCompile Include="SRC\Application.cpp">
      <Filter>Source Files</Filter>
    </ClCompile>
    <ClCompile Include="SRC\main.cpp">
      <Filter>Source Files</Filter>
    </ClCompile>
    <ClCompile Include="SRC\ImGui\backends\imgui_impl_glfw.cpp">
      <Filter>Source Files</Filter>
    </ClCompile>
    <ClCompile Include="SRC\ImGui\backends\imgui_impl_opengl3.cpp">
      <Filter>Source Files</Filter>
    </ClCompile>
    <ClCompile Include="SRC\ImGui\imgui.cpp">
      <Filter>Source Files</Filter>
    </ClCompile>
    <ClCompile Include="SRC\ImGui\imgui_demo.cpp">
      <Filter>Source Files</Filter>
    </ClCompile>
    <ClCompile Include="SRC\ImGui\imgui_draw.cpp">
      <Filter>Source Files</Filter>
    </ClCompile>
    <ClCompile Include="SRC\ImGui\imgui_tables.cpp">
      <Filter>Source Files</Filter>
    </ClCompile>
    <ClCompile Include="SRC\ImGui\imgui_widgets.cpp">
      <Filter>Source Files</Filter>
    </ClCompile>
    <ClCompile Include="SRC\EDITOR\DISPLAYS\SceneDisplay.cpp">
      <Filter>Source Files</Filter>
    </ClCompile>
    <ClCompile Include="SRC\EDITOR\DISPLAYS\LogDisplay.cpp">
      <Filter>Source Files</Filter>
    </ClCompile>
    <ClCompile Include="SRC\EDITOR\DISPLAYS\TilesetDisplay.cpp">
      <Filter>Source Files</Filter>
    </ClCompile>
    <ClCompile Include="SRC\EDITOR\SYSTEMS\GridSystem.cpp">
      <Filter>Source Files</Filter>
    </ClCompile>
    <ClCompile Include="SRC\EDITOR\DISPLAYS\TilemapDisplay.cpp">
      <Filter>Source Files</Filter>
    </ClCompile>
    <ClCompile Include="SRC\EDITOR\DISPLAYS\AssetDisplay.cpp">
      <Filter>Source Files</Filter>
    </ClCompile>
    <ClCompile Include="GAMEENGINE\ENGINE\SOUNDS\ESSENTIALS\OpenALSound.cpp">
      <Filter>Source Files</Filter>
    </ClCompile>
    <ClCompile Include="SRC\EDITOR\SCENE\SceneObject.cpp">
      <Filter>Source Files</Filter>
    </ClCompile>
    <ClCompile Include="SRC\EDITOR\SCENE\SceneManager.cpp">
      <Filter>Source Files</Filter>
    </ClCompile>
    <ClCompile Include="SRC\EDITOR\TOOLS\AbstractTool.cpp">
      <Filter>Source Files</Filter>
    </ClCompile>
    <ClCompile Include="SRC\EDITOR\TOOLS\TileTool.cpp">
      <Filter>Source Files</Filter>
    </ClCompile>
  </ItemGroup>
  <ItemGroup>
    <ClInclude Include="SRC\Application.h">
      <Filter>Header Files</Filter>
    </ClInclude>
    <ClInclude Include="SRC\ImGui\backends\imgui_impl_glfw.h">
      <Filter>Header Files</Filter>
    </ClInclude>
    <ClInclude Include="SRC\ImGui\backends\imgui_impl_opengl3.h">
      <Filter>Header Files</Filter>
    </ClInclude>
    <ClInclude Include="SRC\ImGui\backends\imgui_impl_opengl3_loader.h">
      <Filter>Header Files</Filter>
    </ClInclude>
    <ClInclude Include="SRC\ImGui\imconfig.h">
      <Filter>Header Files</Filter>
    </ClInclude>
    <ClInclude Include="SRC\ImGui\imgui.h">
      <Filter>Header Files</Filter>
    </ClInclude>
    <ClInclude Include="SRC\ImGui\imgui_internal.h">
      <Filter>Header Files</Filter>
    </ClInclude>
    <ClInclude Include="SRC\ImGui\imstb_rectpack.h">
      <Filter>Header Files</Filter>
    </ClInclude>
    <ClInclude Include="SRC\ImGui\imstb_textedit.h">
      <Filter>Header Files</Filter>
    </ClInclude>
    <ClInclude Include="SRC\ImGui\imstb_truetype.h">
      <Filter>Header Files</Filter>
    </ClInclude>
    <ClInclude Include="SRC\EDITOR\DISPLAYS\SceneDisplay.h">
      <Filter>Header Files</Filter>
    </ClInclude>
    <ClInclude Include="SRC\EDITOR\DISPLAYS\IDisplay.h">
      <Filter>Header Files</Filter>
    </ClInclude>
    <ClInclude Include="SRC\EDITOR\DISPLAYS\LogDisplay.h">
      <Filter>Header Files</Filter>
    </ClInclude>
    <ClInclude Include="SRC\EDITOR\UTILITIES\EditorTextures.h">
      <Filter>Header Files</Filter>
    </ClInclude>
    <ClInclude Include="SRC\EDITOR\DISPLAYS\TilesetDisplay.h">
      <Filter>Header Files</Filter>
    </ClInclude>
    <ClInclude Include="SRC\EDITOR\UTILITIES\EditorFrameBuffers.h">
      <Filter>Header Files</Filter>
    </ClInclude>
    <ClInclude Include="SRC\EDITOR\SYSTEMS\GridSystem.h">
      <Filter>Header Files</Filter>
    </ClInclude>
    <ClInclude Include="SRC\EDITOR\DISPLAYS\TilemapDisplay.h">
      <Filter>Header Files</Filter>
    </ClInclude>
    <ClInclude Include="SRC\EDITOR\DISPLAYS\AssetDisplay.h">
      <Filter>Header Files</Filter>
    </ClInclude>
    <ClInclude Include="SRC\EDITOR\UTILITIES\EditorUtilities.h">
      <Filter>Header Files</Filter>
    </ClInclude>
    <ClInclude Include="GAMEENGINE\ENGINE\SOUNDS\ESSENTIALS\OpenALSound.h">
      <Filter>Header Files</Filter>
    </ClInclude>
    <ClInclude Include="SRC\EDITOR\SCENE\SceneObject.h">
      <Filter>Header Files</Filter>
    </ClInclude>
    <ClInclude Include="SRC\EDITOR\SCENE\SceneManager.h">
      <Filter>Header Files</Filter>
    </ClInclude>
    <ClInclude Include="SRC\EDITOR\TOOLS\AbstractTool.h">
      <Filter>Header Files</Filter>
    </ClInclude>
    <ClInclude Include="SRC\EDITOR\TOOLS\TileTool.h">
      <Filter>Header Files</Filter>
    </ClInclude>
  </ItemGroup>
  <ItemGroup>
    <Font Include="ASSETS\FONTS\Aaargh.ttf" />
  </ItemGroup>
  <ItemGroup>
    <Text Include="SRC\ImGui\LICENSE.txt" />
  </ItemGroup>
</Project>