<?xml version="1.0" encoding="utf-8"?>
<Project ToolsVersion="4.0" xmlns="http://schemas.microsoft.com/developer/msbuild/2003">
  <ItemGroup>
    <Filter Include="Source Files">
      <UniqueIdentifier>{4FC737F1-C7A5-4376-A066-2A32D752A2FF}</UniqueIdentifier>
      <Extensions>cpp;c;cc;cxx;c++;cppm;ixx;def;odl;idl;hpj;bat;asm;asmx</Extensions>
    </Filter>
    <Filter Include="Header Files">
      <UniqueIdentifier>{93995380-89BD-4b04-88EB-625FBE52EBFB}</UniqueIdentifier>
      <Extensions>h;hh;hpp;hxx;h++;hm;inl;inc;ipp;xsd</Extensions>
    </Filter>
    <Filter Include="Resource Files">
      <UniqueIdentifier>{67DA6AB6-F800-4c08-8B7A-83BB121AAD01}</UniqueIdentifier>
      <Extensions>rc;ico;cur;bmp;dlg;rc2;rct;bin;rgs;gif;jpg;jpeg;jpe;resx;tiff;tif;png;wav;mfcribbon-ms</Extensions>
    </Filter>
  </ItemGroup>
  <ItemGroup>
    <ClCompile Include="ENGINE\ECS\COMPONENTS\AnimationComponent.cpp">
      <Filter>Source Files</Filter>
    </ClCompile>
    <ClCompile Include="ENGINE\ECS\COMPONENTS\BoxColliderComponent.cpp">
      <Filter>Source Files</Filter>
    </ClCompile>
    <ClCompile Include="ENGINE\ECS\COMPONENTS\CircleColliderComponent.cpp">
      <Filter>Source Files</Filter>
    </ClCompile>
    <ClCompile Include="ENGINE\ECS\COMPONENTS\SoundEmitter.cpp">
      <Filter>Source Files</Filter>
    </ClCompile>
    <ClCompile Include="ENGINE\ECS\COMPONENTS\SoundListener.cpp">
      <Filter>Source Files</Filter>
    </ClCompile>
    <ClCompile Include="ENGINE\ECS\COMPONENTS\SpriteComponent.cpp">
      <Filter>Source Files</Filter>
    </ClCompile>
    <ClCompile Include="ENGINE\ECS\COMPONENTS\TransformComponent.cpp">
      <Filter>Source Files</Filter>
    </ClCompile>
    <ClCompile Include="ENGINE\ECS\Entity.cpp">
      <Filter>Source Files</Filter>
    </ClCompile>
    <ClCompile Include="ENGINE\ECS\MetaUtilities.cpp">
      <Filter>Source Files</Filter>
    </ClCompile>
    <ClCompile Include="ENGINE\ECS\Registry.cpp">
      <Filter>Source Files</Filter>
    </ClCompile>
    <ClCompile Include="ENGINE\INPUT\KeyListener.cpp">
      <Filter>Source Files</Filter>
    </ClCompile>
    <ClCompile Include="ENGINE\INPUT\MouseListener.cpp">
      <Filter>Source Files</Filter>
    </ClCompile>
    <ClCompile Include="ENGINE\LOGGER\log.cpp">
      <Filter>Source Files</Filter>
    </ClCompile>
    <ClCompile Include="ENGINE\RENDERER\CORE\BatchRenderer.cpp">
      <Filter>Source Files</Filter>
    </ClCompile>
    <ClCompile Include="ENGINE\RENDERER\CORE\Camera2D.cpp">
      <Filter>Source Files</Filter>
    </ClCompile>
    <ClCompile Include="ENGINE\RENDERER\SHADER\Shader.cpp">
      <Filter>Source Files</Filter>
    </ClCompile>
    <ClCompile Include="ENGINE\RENDERER\TEXTURE\Texture.cpp">
      <Filter>Source Files</Filter>
    </ClCompile>
    <ClCompile Include="ENGINE\RESOURCES\AssetManager.cpp">
      <Filter>Source Files</Filter>
    </ClCompile>
    <ClCompile Include="ENGINE\SCRIPTING\GLMLuaBindings.cpp">
      <Filter>Source Files</Filter>
    </ClCompile>
    <ClCompile Include="ENGINE\SCRIPTING\InputManager.cpp">
      <Filter>Source Files</Filter>
    </ClCompile>
    <ClCompile Include="ENGINE\SOUND\AudioEvent.cpp">
      <Filter>Source Files</Filter>
    </ClCompile>
    <ClCompile Include="ENGINE\SOUND\FMODAudioSystem.cpp">
      <Filter>Source Files</Filter>
    </ClCompile>
    <ClCompile Include="ENGINE\SYSTEMS\AnimationSystem.cpp">
      <Filter>Source Files</Filter>
    </ClCompile>
    <ClCompile Include="ENGINE\SYSTEMS\RenderSystem.cpp">
      <Filter>Source Files</Filter>
    </ClCompile>
    <ClCompile Include="ENGINE\SYSTEMS\ScriptingSystem.cpp">
      <Filter>Source Files</Filter>
    </ClCompile>
    <ClCompile Include="ENGINE\SYSTEMS\SoundSystem.cpp">
      <Filter>Source Files</Filter>
    </ClCompile>
    <ClCompile Include="ENGINE\UTILITIES\Time.cpp">
      <Filter>Source Files</Filter>
    </ClCompile>
    <ClCompile Include="ENGINE\UTILITIES\Timer.cpp">
      <Filter>Source Files</Filter>
    </ClCompile>
    <ClCompile Include="ENGINE\WINDOW\INPUT\Keyboard.cpp">
      <Filter>Source Files</Filter>
    </ClCompile>
    <ClCompile Include="ENGINE\WINDOW\INPUT\Mouse.cpp">
      <Filter>Source Files</Filter>
    </ClCompile>
    <ClCompile Include="ENGINE\WINDOW\Window.cpp">
      <Filter>Source Files</Filter>
    </ClCompile>
    <ClCompile Include="ENGINE\RENDERER\CORE\Batcher.cpp">
      <Filter>Source Files</Filter>
    </ClCompile>
  </ItemGroup>
  <ItemGroup>
    <ClInclude Include="ENGINE\ECS\COMPONENTS\AnimationComponent.h">
      <Filter>Header Files</Filter>
    </ClInclude>
    <ClInclude Include="ENGINE\ECS\COMPONENTS\BoxColliderComponent.h">
      <Filter>Header Files</Filter>
    </ClInclude>
    <ClInclude Include="ENGINE\ECS\COMPONENTS\CircleColliderComponent.h">
      <Filter>Header Files</Filter>
    </ClInclude>
    <ClInclude Include="ENGINE\ECS\COMPONENTS\Identification.h">
      <Filter>Header Files</Filter>
    </ClInclude>
    <ClInclude Include="ENGINE\ECS\COMPONENTS\ScriptComponent.h">
      <Filter>Header Files</Filter>
    </ClInclude>
    <ClInclude Include="ENGINE\ECS\COMPONENTS\SoundEmitter.h">
      <Filter>Header Files</Filter>
    </ClInclude>
    <ClInclude Include="ENGINE\ECS\COMPONENTS\SoundListener.h">
      <Filter>Header Files</Filter>
    </ClInclude>
    <ClInclude Include="ENGINE\ECS\COMPONENTS\SpriteComponent.h">
      <Filter>Header Files</Filter>
    </ClInclude>
    <ClInclude Include="ENGINE\ECS\COMPONENTS\TransformComponent.h">
      <Filter>Header Files</Filter>
    </ClInclude>
    <ClInclude Include="ENGINE\ECS\Entity.h">
      <Filter>Header Files</Filter>
    </ClInclude>
    <ClInclude Include="ENGINE\ECS\MetaUtilities.h">
      <Filter>Header Files</Filter>
    </ClInclude>
    <ClInclude Include="ENGINE\ECS\Registry.h">
      <Filter>Header Files</Filter>
    </ClInclude>
    <ClInclude Include="ENGINE\INPUT\KeyListener.h">
      <Filter>Header Files</Filter>
    </ClInclude>
    <ClInclude Include="ENGINE\INPUT\MouseListener.h">
      <Filter>Header Files</Filter>
    </ClInclude>
    <ClInclude Include="ENGINE\LOGGER\log.h">
      <Filter>Header Files</Filter>
    </ClInclude>
    <ClInclude Include="ENGINE\RENDERER\CORE\BatchRenderer.h">
      <Filter>Header Files</Filter>
    </ClInclude>
    <ClInclude Include="ENGINE\RENDERER\CORE\Camera2D.h">
      <Filter>Header Files</Filter>
    </ClInclude>
    <ClInclude Include="ENGINE\RENDERER\ESSENTIALS\Vertex.h">
      <Filter>Header Files</Filter>
    </ClInclude>
    <ClInclude Include="ENGINE\RENDERER\SHADER\Shader.h">
      <Filter>Header Files</Filter>
    </ClInclude>
    <ClInclude Include="ENGINE\RENDERER\SHADER\ShaderLoader.h">
      <Filter>Header Files</Filter>
    </ClInclude>
    <ClInclude Include="ENGINE\RENDERER\TEXTURE\Texture.h">
      <Filter>Header Files</Filter>
    </ClInclude>
    <ClInclude Include="ENGINE\RENDERER\TEXTURE\TextureLoader.h">
      <Filter>Header Files</Filter>
    </ClInclude>
    <ClInclude Include="ENGINE\RESOURCES\AssetManager.h">
      <Filter>Header Files</Filter>
    </ClInclude>
    <ClInclude Include="ENGINE\SCRIPTING\GLMLuaBindings.h">
      <Filter>Header Files</Filter>
    </ClInclude>
    <ClInclude Include="ENGINE\SCRIPTING\InputManager.h">
      <Filter>Header Files</Filter>
    </ClInclude>
    <ClInclude Include="ENGINE\SOUND\AudioEvent.h">
      <Filter>Header Files</Filter>
    </ClInclude>
    <ClInclude Include="ENGINE\SOUND\FMODAudioSystem.h">
      <Filter>Header Files</Filter>
    </ClInclude>
    <ClInclude Include="ENGINE\SYSTEMS\AnimationSystem.h">
      <Filter>Header Files</Filter>
    </ClInclude>
    <ClInclude Include="ENGINE\SYSTEMS\RenderSystem.h">
      <Filter>Header Files</Filter>
    </ClInclude>
    <ClInclude Include="ENGINE\SYSTEMS\ScriptingSystem.h">
      <Filter>Header Files</Filter>
    </ClInclude>
    <ClInclude Include="ENGINE\SYSTEMS\SoundSystem.h">
      <Filter>Header Files</Filter>
    </ClInclude>
    <ClInclude Include="ENGINE\UTILITIES\Time.h">
      <Filter>Header Files</Filter>
    </ClInclude>
    <ClInclude Include="ENGINE\UTILITIES\Timer.h">
      <Filter>Header Files</Filter>
    </ClInclude>
    <ClInclude Include="ENGINE\WINDOW\INPUT\Button.h">
      <Filter>Header Files</Filter>
    </ClInclude>
    <ClInclude Include="ENGINE\WINDOW\INPUT\Keyboard.h">
      <Filter>Header Files</Filter>
    </ClInclude>
    <ClInclude Include="ENGINE\WINDOW\INPUT\Keys.h">
      <Filter>Header Files</Filter>
    </ClInclude>
    <ClInclude Include="ENGINE\WINDOW\INPUT\Mouse.h">
      <Filter>Header Files</Filter>
    </ClInclude>
    <ClInclude Include="ENGINE\WINDOW\INPUT\MouseButtons.h">
      <Filter>Header Files</Filter>
    </ClInclude>
    <ClInclude Include="ENGINE\WINDOW\Window.h">
      <Filter>Header Files</Filter>
    </ClInclude>
    <ClInclude Include="ENGINE\RENDERER\CORE\Batcher.h">
      <Filter>Header Files</Filter>
    </ClInclude>
    <ClInclude Include="ENGINE\RENDERER\ESSENTIALS\BatchTypes.h">
      <Filter>Header Files</Filter>
    </ClInclude>
  </ItemGroup>
  <ItemGroup>
    <None Include="ENGINE\ECS\Entity.inl">
      <Filter>Header Files</Filter>
    </None>
    <None Include="ENGINE\ECS\Registry.inl">
      <Filter>Header Files</Filter>
    </None>
  </ItemGroup>
</Project>